
Microsoft Visual Studio Solution File, Format Version 12.00
# Visual Studio Version 16
VisualStudioVersion = 16.0.32602.291
MinimumVisualStudioVersion = 10.0.40219.1
Project("{FAE04EC0-301F-11D3-BF4B-00C04F79EFBC}") = "AuthenticationTests", "AuthenticationTests\AuthenticationTests.csproj", "{6809BB5F-F205-4A96-A7D2-276C361F2196}"
EndProject
Global
	GlobalSection(SolutionConfigurationPlatforms) = preSolution
		Debug|Any CPU = Debug|Any CPU
		Release|Any CPU = Release|Any CPU
	EndGlobalSection
	GlobalSection(ProjectConfigurationPlatforms) = postSolution
		{6809BB5F-F205-4A96-A7D2-276C361F2196}.Debug|Any CPU.ActiveCfg = Debug|Any CPU
		{6809BB5F-F205-4A96-A7D2-276C361F2196}.Debug|Any CPU.Build.0 = Debug|Any CPU
		{6809BB5F-F205-4A96-A7D2-276C361F2196}.Release|Any CPU.ActiveCfg = Release|Any CPU
		{6809BB5F-F205-4A96-A7D2-276C361F2196}.Release|Any CPU.Build.0 = Release|Any CPU
	EndGlobalSection
	GlobalSection(SolutionProperties) = preSolution
		HideSolutionNode = FALSE
	EndGlobalSection
	GlobalSection(ExtensibilityGlobals) = postSolution
		SolutionGuid = {1EB4B67B-D39A-4431-8CDB-EDC3DBBB72BA}
	EndGlobalSection
EndGlobal
